
Microsoft Visual Studio Solution File, Format Version 12.00
# Visual Studio Version 17
VisualStudioVersion = 17.14.36804.6 d17.14
MinimumVisualStudioVersion = 10.0.40219.1
Project("{FAE04EC0-301F-11D3-BF4B-00C04F79EFBC}") = "Hillerød Sejlklub", "Hillerød Sejlklub\Hillerød Sejlklub.csproj", "{673FB3EF-25C8-4267-805F-512C546F5C31}"
EndProject
Global
	GlobalSection(SolutionConfigurationPlatforms) = preSolution
		Debug|Any CPU = Debug|Any CPU
		Release|Any CPU = Release|Any CPU
	EndGlobalSection
	GlobalSection(ProjectConfigurationPlatforms) = postSolution
		{673FB3EF-25C8-4267-805F-512C546F5C31}.Debug|Any CPU.ActiveCfg = Debug|Any CPU
		{673FB3EF-25C8-4267-805F-512C546F5C31}.Debug|Any CPU.Build.0 = Debug|Any CPU
		{673FB3EF-25C8-4267-805F-512C546F5C31}.Release|Any CPU.ActiveCfg = Release|Any CPU
		{673FB3EF-25C8-4267-805F-512C546F5C31}.Release|Any CPU.Build.0 = Release|Any CPU
	EndGlobalSection
	GlobalSection(SolutionProperties) = preSolution
		HideSolutionNode = FALSE
	EndGlobalSection
	GlobalSection(ExtensibilityGlobals) = postSolution
		SolutionGuid = {2C37E8A6-5AB0-452F-BF75-D78D3E88D88D}
	EndGlobalSection
EndGlobal
